# THIS IS AN AUTOGENERATED FILE. DO NOT EDIT THIS FILE DIRECTLY.
# yarn lockfile v1


"js-tokens@^3.0.0 || ^4.0.0":
  version "4.0.0"
  resolved "http://223.4.69.11:4873/js-tokens/-/js-tokens-4.0.0.tgz#19203fb59991df98e3a287050d4647cdeaf32499"
  integrity sha1-GSA/tZmR35jjoocFDUZHzerzJJk=

loose-envify@^1.1.0:
  version "1.4.0"
  resolved "http://223.4.69.11:4873/loose-envify/-/loose-envify-1.4.0.tgz#71ee51fa7be4caec1a63839f7e682d8132d30caf"
  integrity sha1-ce5R+nvkyuwaY4OffmgtgTLTDK8=
  dependencies:
    js-tokens "^3.0.0 || ^4.0.0"

normalizr@^3.6.1:
  version "3.6.1"
  resolved "http://223.4.69.11:4873/normalizr/-/normalizr-3.6.1.tgz#d367ab840e031ff382141b8d81ce279292ff69fe"
  integrity sha1-02erhA4DH/OCFBuNgc4nkpL/af4=

object-assign@^4.1.1:
  version "4.1.1"
  resolved "http://223.4.69.11:4873/object-assign/-/object-assign-4.1.1.tgz#2109adc7965887cfc05cbbd442cac8bfbb360863"
  integrity sha1-IQmtx5ZYh8/AXLvUQsrIv7s2CGM=

react@^17.0.1:
  version "17.0.1"
  resolved "http://223.4.69.11:4873/react/-/react-17.0.1.tgz#6e0600416bd57574e3f86d92edba3d9008726127"
  integrity sha1-bgYAQWvVdXTj+G2S7bo9kAhyYSc=
  dependencies:
    loose-envify "^1.1.0"
    object-assign "^4.1.1"
